
Microsoft Visual Studio Solution File, Format Version 12.00
# Visual Studio Version 17
VisualStudioVersion = 17.9.34622.214
MinimumVisualStudioVersion = 10.0.40219.1
Project("{9A19103F-16F7-4668-BE54-9A1E7A4F7556}") = "ServerCore", "ServerCore\ServerCore.csproj", "{39F0EDB2-F1E1-4A92-AD41-D196F2CD87A1}"
EndProject
Project("{9A19103F-16F7-4668-BE54-9A1E7A4F7556}") = "DummyClient", "DummyClient\DummyClient.csproj", "{213DF9A6-6F10-4830-ACDC-79C449651CD7}"
	ProjectSection(ProjectDependencies) = postProject
		{39F0EDB2-F1E1-4A92-AD41-D196F2CD87A1} = {39F0EDB2-F1E1-4A92-AD41-D196F2CD87A1}
	EndProjectSection
EndProject
Project("{9A19103F-16F7-4668-BE54-9A1E7A4F7556}") = "Server", "Server\Server.csproj", "{A5DCBF03-D280-4709-B1F2-BED2F96A5FEA}"
EndProject
Global
	GlobalSection(SolutionConfigurationPlatforms) = preSolution
		Debug|Any CPU = Debug|Any CPU
		Release|Any CPU = Release|Any CPU
	EndGlobalSection
	GlobalSection(ProjectConfigurationPlatforms) = postSolution
		{39F0EDB2-F1E1-4A92-AD41-D196F2CD87A1}.Debug|Any CPU.ActiveCfg = Debug|Any CPU
		{39F0EDB2-F1E1-4A92-AD41-D196F2CD87A1}.Debug|Any CPU.Build.0 = Debug|Any CPU
		{39F0EDB2-F1E1-4A92-AD41-D196F2CD87A1}.Release|Any CPU.ActiveCfg = Release|Any CPU
		{39F0EDB2-F1E1-4A92-AD41-D196F2CD87A1}.Release|Any CPU.Build.0 = Release|Any CPU
		{213DF9A6-6F10-4830-ACDC-79C449651CD7}.Debug|Any CPU.ActiveCfg = Debug|Any CPU
		{213DF9A6-6F10-4830-ACDC-79C449651CD7}.Debug|Any CPU.Build.0 = Debug|Any CPU
		{213DF9A6-6F10-4830-ACDC-79C449651CD7}.Release|Any CPU.ActiveCfg = Release|Any CPU
		{213DF9A6-6F10-4830-ACDC-79C449651CD7}.Release|Any CPU.Build.0 = Release|Any CPU
		{A5DCBF03-D280-4709-B1F2-BED2F96A5FEA}.Debug|Any CPU.ActiveCfg = Debug|Any CPU
		{A5DCBF03-D280-4709-B1F2-BED2F96A5FEA}.Debug|Any CPU.Build.0 = Debug|Any CPU
		{A5DCBF03-D280-4709-B1F2-BED2F96A5FEA}.Release|Any CPU.ActiveCfg = Release|Any CPU
		{A5DCBF03-D280-4709-B1F2-BED2F96A5FEA}.Release|Any CPU.Build.0 = Release|Any CPU
	EndGlobalSection
	GlobalSection(SolutionProperties) = preSolution
		HideSolutionNode = FALSE
	EndGlobalSection
	GlobalSection(ExtensibilityGlobals) = postSolution
		SolutionGuid = {C515AF7A-8841-4566-ACA7-02400D8BB119}
	EndGlobalSection
EndGlobal
